
Microsoft Visual Studio Solution File, Format Version 12.00
# Visual Studio Version 17
VisualStudioVersion = 17.7.34221.43
MinimumVisualStudioVersion = 10.0.40219.1
Project("{FAE04EC0-301F-11D3-BF4B-00C04F79EFBC}") = "BeSocial.Web", "BeSocial.Web\BeSocial.Web.csproj", "{C41D446F-F498-4314-943E-1B2360D17B6E}"
EndProject
Project("{2150E333-8FDC-42A3-9474-1A3956D46DE8}") = "Data", "Data", "{66D00BFC-DA4F-40CC-97C6-79EAE6656672}"
EndProject
Project("{2150E333-8FDC-42A3-9474-1A3956D46DE8}") = "Services", "Services", "{AF4D7A55-7FAA-4690-87BA-62F654DC7955}"
EndProject
Project("{2150E333-8FDC-42A3-9474-1A3956D46DE8}") = "Tests", "Tests", "{9CABE9CD-69D1-4E9C-B6DB-2F703BF30981}"
EndProject
Project("{2150E333-8FDC-42A3-9474-1A3956D46DE8}") = "Web", "Web", "{D0BB34EE-F9CF-4AA9-91CB-35DED5D37C2E}"
EndProject
Project("{FAE04EC0-301F-11D3-BF4B-00C04F79EFBC}") = "BeSocial.Common", "BeSocial.Common\BeSocial.Common.csproj", "{B86D6AD5-9F95-433F-9411-131DCC25D21F}"
EndProject
Project("{FAE04EC0-301F-11D3-BF4B-00C04F79EFBC}") = "BeSocial.Services", "BeSocial.Services\BeSocial.Services.csproj", "{EB86D15C-FE31-4B7D-A9D0-DA84F97D45F8}"
EndProject
Project("{FAE04EC0-301F-11D3-BF4B-00C04F79EFBC}") = "BeSocial.Data", "BeSocial.Data\BeSocial.Data.csproj", "{E1F283B5-EF80-49B8-AE28-BF99321FC57C}"
EndProject
Project("{FAE04EC0-301F-11D3-BF4B-00C04F79EFBC}") = "BeSocial.Data.Models", "BeSocial.Data.Models\BeSocial.Data.Models.csproj", "{0C08C482-CA7C-44FE-92F4-43BB5E8E7501}"
EndProject
Project("{FAE04EC0-301F-11D3-BF4B-00C04F79EFBC}") = "BeSocial.Web.Infrastructure", "BeSocial.Web.Infrastructure\BeSocial.Web.Infrastructure.csproj", "{81BE048D-D479-4168-B9E6-C48599C9795F}"
EndProject
Project("{FAE04EC0-301F-11D3-BF4B-00C04F79EFBC}") = "BeSocial.Web.ViewModels", "BeSocial.Web.ViewModels\BeSocial.Web.ViewModels.csproj", "{5B1A1930-60AE-4537-B4E6-42AFF0D5E2CB}"
EndProject
Global
	GlobalSection(SolutionConfigurationPlatforms) = preSolution
		Debug|Any CPU = Debug|Any CPU
		Release|Any CPU = Release|Any CPU
	EndGlobalSection
	GlobalSection(ProjectConfigurationPlatforms) = postSolution
		{C41D446F-F498-4314-943E-1B2360D17B6E}.Debug|Any CPU.ActiveCfg = Debug|Any CPU
		{C41D446F-F498-4314-943E-1B2360D17B6E}.Debug|Any CPU.Build.0 = Debug|Any CPU
		{C41D446F-F498-4314-943E-1B2360D17B6E}.Release|Any CPU.ActiveCfg = Release|Any CPU
		{C41D446F-F498-4314-943E-1B2360D17B6E}.Release|Any CPU.Build.0 = Release|Any CPU
		{B86D6AD5-9F95-433F-9411-131DCC25D21F}.Debug|Any CPU.ActiveCfg = Debug|Any CPU
		{B86D6AD5-9F95-433F-9411-131DCC25D21F}.Debug|Any CPU.Build.0 = Debug|Any CPU
		{B86D6AD5-9F95-433F-9411-131DCC25D21F}.Release|Any CPU.ActiveCfg = Release|Any CPU
		{B86D6AD5-9F95-433F-9411-131DCC25D21F}.Release|Any CPU.Build.0 = Release|Any CPU
		{EB86D15C-FE31-4B7D-A9D0-DA84F97D45F8}.Debug|Any CPU.ActiveCfg = Debug|Any CPU
		{EB86D15C-FE31-4B7D-A9D0-DA84F97D45F8}.Debug|Any CPU.Build.0 = Debug|Any CPU
		{EB86D15C-FE31-4B7D-A9D0-DA84F97D45F8}.Release|Any CPU.ActiveCfg = Release|Any CPU
		{EB86D15C-FE31-4B7D-A9D0-DA84F97D45F8}.Release|Any CPU.Build.0 = Release|Any CPU
		{E1F283B5-EF80-49B8-AE28-BF99321FC57C}.Debug|Any CPU.ActiveCfg = Debug|Any CPU
		{E1F283B5-EF80-49B8-AE28-BF99321FC57C}.Debug|Any CPU.Build.0 = Debug|Any CPU
		{E1F283B5-EF80-49B8-AE28-BF99321FC57C}.Release|Any CPU.ActiveCfg = Release|Any CPU
		{E1F283B5-EF80-49B8-AE28-BF99321FC57C}.Release|Any CPU.Build.0 = Release|Any CPU
		{0C08C482-CA7C-44FE-92F4-43BB5E8E7501}.Debug|Any CPU.ActiveCfg = Debug|Any CPU
		{0C08C482-CA7C-44FE-92F4-43BB5E8E7501}.Debug|Any CPU.Build.0 = Debug|Any CPU
		{0C08C482-CA7C-44FE-92F4-43BB5E8E7501}.Release|Any CPU.ActiveCfg = Release|Any CPU
		{0C08C482-CA7C-44FE-92F4-43BB5E8E7501}.Release|Any CPU.Build.0 = Release|Any CPU
		{81BE048D-D479-4168-B9E6-C48599C9795F}.Debug|Any CPU.ActiveCfg = Debug|Any CPU
		{81BE048D-D479-4168-B9E6-C48599C9795F}.Debug|Any CPU.Build.0 = Debug|Any CPU
		{81BE048D-D479-4168-B9E6-C48599C9795F}.Release|Any CPU.ActiveCfg = Release|Any CPU
		{81BE048D-D479-4168-B9E6-C48599C9795F}.Release|Any CPU.Build.0 = Release|Any CPU
		{5B1A1930-60AE-4537-B4E6-42AFF0D5E2CB}.Debug|Any CPU.ActiveCfg = Debug|Any CPU
		{5B1A1930-60AE-4537-B4E6-42AFF0D5E2CB}.Debug|Any CPU.Build.0 = Debug|Any CPU
		{5B1A1930-60AE-4537-B4E6-42AFF0D5E2CB}.Release|Any CPU.ActiveCfg = Release|Any CPU
		{5B1A1930-60AE-4537-B4E6-42AFF0D5E2CB}.Release|Any CPU.Build.0 = Release|Any CPU
	EndGlobalSection
	GlobalSection(SolutionProperties) = preSolution
		HideSolutionNode = FALSE
	EndGlobalSection
	GlobalSection(NestedProjects) = preSolution
		{C41D446F-F498-4314-943E-1B2360D17B6E} = {D0BB34EE-F9CF-4AA9-91CB-35DED5D37C2E}
		{EB86D15C-FE31-4B7D-A9D0-DA84F97D45F8} = {AF4D7A55-7FAA-4690-87BA-62F654DC7955}
		{E1F283B5-EF80-49B8-AE28-BF99321FC57C} = {66D00BFC-DA4F-40CC-97C6-79EAE6656672}
		{0C08C482-CA7C-44FE-92F4-43BB5E8E7501} = {66D00BFC-DA4F-40CC-97C6-79EAE6656672}
		{81BE048D-D479-4168-B9E6-C48599C9795F} = {D0BB34EE-F9CF-4AA9-91CB-35DED5D37C2E}
		{5B1A1930-60AE-4537-B4E6-42AFF0D5E2CB} = {D0BB34EE-F9CF-4AA9-91CB-35DED5D37C2E}
	EndGlobalSection
	GlobalSection(ExtensibilityGlobals) = postSolution
		SolutionGuid = {97C86667-DB0F-46FA-BAA8-15F71392A6A3}
	EndGlobalSection
EndGlobal
